// !$*UTF8*$!
{
	archiveVersion = 1;
	classes = {
	};
	objectVersion = 48;
	objects = {

/* Begin PBXBuildFile section */
		99CBA5DB1F1DFC9200E1EE77 /* AppDelegate.swift in Sources */ = {isa = PBXBuildFile; fileRef = 99CBA5DA1F1DFC9200E1EE77 /* AppDelegate.swift */; };
		99CBA5DD1F1DFC9200E1EE77 /* Scene.sks in Resources */ = {isa = PBXBuildFile; fileRef = 99CBA5DC1F1DFC9200E1EE77 /* Scene.sks */; };
		99CBA5DF1F1DFC9200E1EE77 /* Scene.swift in Sources */ = {isa = PBXBuildFile; fileRef = 99CBA5DE1F1DFC9200E1EE77 /* Scene.swift */; };
		99CBA5E11F1DFC9200E1EE77 /* ViewController.swift in Sources */ = {isa = PBXBuildFile; fileRef = 99CBA5E01F1DFC9200E1EE77 /* ViewController.swift */; };
		99CBA5E41F1DFC9200E1EE77 /* Main.storyboard in Resources */ = {isa = PBXBuildFile; fileRef = 99CBA5E21F1DFC9200E1EE77 /* Main.storyboard */; };
		99CBA5E61F1DFC9200E1EE77 /* Assets.xcassets in Resources */ = {isa = PBXBuildFile; fileRef = 99CBA5E51F1DFC9200E1EE77 /* Assets.xcassets */; };
		99CBA5E91F1DFC9200E1EE77 /* LaunchScreen.storyboard in Resources */ = {isa = PBXBuildFile; fileRef = 99CBA5E71F1DFC9200E1EE77 /* LaunchScreen.storyboard */; };
		99CBA5F41F1DFC9300E1EE77 /* ARTouchTestTests.swift in Sources */ = {isa = PBXBuildFile; fileRef = 99CBA5F31F1DFC9300E1EE77 /* ARTouchTestTests.swift */; };
		99CBA5FF1F1DFC9300E1EE77 /* ARTouchTestUITests.swift in Sources */ = {isa = PBXBuildFile; fileRef = 99CBA5FE1F1DFC9300E1EE77 /* ARTouchTestUITests.swift */; };
/* End PBXBuildFile section */

/* Begin PBXContainerItemProxy section */
		99CBA5F01F1DFC9300E1EE77 /* PBXContainerItemProxy */ = {
			isa = PBXContainerItemProxy;
			containerPortal = 99CBA5CF1F1DFC9200E1EE77 /* Project object */;
			proxyType = 1;
			remoteGlobalIDString = 99CBA5D61F1DFC9200E1EE77;
			remoteInfo = ARTouchTest;
		};
		99CBA5FB1F1DFC9300E1EE77 /* PBXContainerItemProxy */ = {
			isa = PBXContainerItemProxy;
			containerPortal = 99CBA5CF1F1DFC9200E1EE77 /* Project object */;
			proxyType = 1;
			remoteGlobalIDString = 99CBA5D61F1DFC9200E1EE77;
			remoteInfo = ARTouchTest;
		};
/* End PBXContainerItemProxy section */

/* Begin PBXFileReference section */
		99CBA5D71F1DFC9200E1EE77 /* ARTouchTest.app */ = {isa = PBXFileReference; explicitFileType = wrapper.application; includeInIndex = 0; path = ARTouchTest.app; sourceTree = BUILT_PRODUCTS_DIR; };
		99CBA5DA1F1DFC9200E1EE77 /* AppDelegate.swift */ = {isa = PBXFileReference; lastKnownFileType = sourcecode.swift; path = AppDelegate.swift; sourceTree = "<group>"; };
		99CBA5DC1F1DFC9200E1EE77 /* Scene.sks */ = {isa = PBXFileReference; lastKnownFileType = file.sks; path = Scene.sks; sourceTree = "<group>"; };
		99CBA5DE1F1DFC9200E1EE77 /* Scene.swift */ = {isa = PBXFileReference; lastKnownFileType = sourcecode.swift; path = Scene.swift; sourceTree = "<group>"; };
		99CBA5E01F1DFC9200E1EE77 /* ViewController.swift */ = {isa = PBXFileReference; lastKnownFileType = sourcecode.swift; path = ViewController.swift; sourceTree = "<group>"; };
		99CBA5E31F1DFC9200E1EE77 /* Base */ = {isa = PBXFileReference; lastKnownFileType = file.storyboard; name = Base; path = Base.lproj/Main.storyboard; sourceTree = "<group>"; };
		99CBA5E51F1DFC9200E1EE77 /* Assets.xcassets */ = {isa = PBXFileReference; lastKnownFileType = folder.assetcatalog; path = Assets.xcassets; sourceTree = "<group>"; };
		99CBA5E81F1DFC9200E1EE77 /* Base */ = {isa = PBXFileReference; lastKnownFileType = file.storyboard; name = Base; path = Base.lproj/LaunchScreen.storyboard; sourceTree = "<group>"; };
		99CBA5EA1F1DFC9200E1EE77 /* Info.plist */ = {isa = PBXFileReference; lastKnownFileType = text.plist.xml; path = Info.plist; sourceTree = "<group>"; };
		99CBA5EF1F1DFC9300E1EE77 /* ARTouchTestTests.xctest */ = {isa = PBXFileReference; explicitFileType = wrapper.cfbundle; includeInIndex = 0; path = ARTouchTestTests.xctest; sourceTree = BUILT_PRODUCTS_DIR; };
		99CBA5F31F1DFC9300E1EE77 /* ARTouchTestTests.swift */ = {isa = PBXFileReference; lastKnownFileType = sourcecode.swift; path = ARTouchTestTests.swift; sourceTree = "<group>"; };
		99CBA5F51F1DFC9300E1EE77 /* Info.plist */ = {isa = PBXFileReference; lastKnownFileType = text.plist.xml; path = Info.plist; sourceTree = "<group>"; };
		99CBA5FA1F1DFC9300E1EE77 /* ARTouchTestUITests.xctest */ = {isa = PBXFileReference; explicitFileType = wrapper.cfbundle; includeInIndex = 0; path = ARTouchTestUITests.xctest; sourceTree = BUILT_PRODUCTS_DIR; };
		99CBA5FE1F1DFC9300E1EE77 /* ARTouchTestUITests.swift */ = {isa = PBXFileReference; lastKnownFileType = sourcecode.swift; path = ARTouchTestUITests.swift; sourceTree = "<group>"; };
		99CBA6001F1DFC9300E1EE77 /* Info.plist */ = {isa = PBXFileReference; lastKnownFileType = text.plist.xml; path = Info.plist; sourceTree = "<group>"; };
/* End PBXFileReference section */

/* Begin PBXFrameworksBuildPhase section */
		99CBA5D41F1DFC9200E1EE77 /* Frameworks */ = {
			isa = PBXFrameworksBuildPhase;
			buildActionMask = 2147483647;
			files = (
			);
			runOnlyForDeploymentPostprocessing = 0;
		};
		99CBA5EC1F1DFC9300E1EE77 /* Frameworks */ = {
			isa = PBXFrameworksBuildPhase;
			buildActionMask = 2147483647;
			files = (
			);
			runOnlyForDeploymentPostprocessing = 0;
		};
		99CBA5F71F1DFC9300E1EE77 /* Frameworks */ = {
			isa = PBXFrameworksBuildPhase;
			buildActionMask = 2147483647;
			files = (
			);
			runOnlyForDeploymentPostprocessing = 0;
		};
/* End PBXFrameworksBuildPhase section */

/* Begin PBXGroup section */
		99CBA5CE1F1DFC9200E1EE77 = {
			isa = PBXGroup;
			children = (
				99CBA5D91F1DFC9200E1EE77 /* ARTouchTest */,
				99CBA5F21F1DFC9300E1EE77 /* ARTouchTestTests */,
				99CBA5FD1F1DFC9300E1EE77 /* ARTouchTestUITests */,
				99CBA5D81F1DFC9200E1EE77 /* Products */,
			);
			sourceTree = "<group>";
		};
		99CBA5D81F1DFC9200E1EE77 /* Products */ = {
			isa = PBXGroup;
			children = (
				99CBA5D71F1DFC9200E1EE77 /* ARTouchTest.app */,
				99CBA5EF1F1DFC9300E1EE77 /* ARTouchTestTests.xctest */,
				99CBA5FA1F1DFC9300E1EE77 /* ARTouchTestUITests.xctest */,
			);
			name = Products;
			sourceTree = "<group>";
		};
		99CBA5D91F1DFC9200E1EE77 /* ARTouchTest */ = {
			isa = PBXGroup;
			children = (
				99CBA5DA1F1DFC9200E1EE77 /* AppDelegate.swift */,
				99CBA5DC1F1DFC9200E1EE77 /* Scene.sks */,
				99CBA5DE1F1DFC9200E1EE77 /* Scene.swift */,
				99CBA5E01F1DFC9200E1EE77 /* ViewController.swift */,
				99CBA5E21F1DFC9200E1EE77 /* Main.storyboard */,
				99CBA5E51F1DFC9200E1EE77 /* Assets.xcassets */,
				99CBA5E71F1DFC9200E1EE77 /* LaunchScreen.storyboard */,
				99CBA5EA1F1DFC9200E1EE77 /* Info.plist */,
			);
			path = ARTouchTest;
			sourceTree = "<group>";
		};
		99CBA5F21F1DFC9300E1EE77 /* ARTouchTestTests */ = {
			isa = PBXGroup;
			children = (
				99CBA5F31F1DFC9300E1EE77 /* ARTouchTestTests.swift */,
				99CBA5F51F1DFC9300E1EE77 /* Info.plist */,
			);
			path = ARTouchTestTests;
			sourceTree = "<group>";
		};
		99CBA5FD1F1DFC9300E1EE77 /* ARTouchTestUITests */ = {
			isa = PBXGroup;
			children = (
				99CBA5FE1F1DFC9300E1EE77 /* ARTouchTestUITests.swift */,
				99CBA6001F1DFC9300E1EE77 /* Info.plist */,
			);
			path = ARTouchTestUITests;
			sourceTree = "<group>";
		};
/* End PBXGroup section */

/* Begin PBXNativeTarget section */
		99CBA5D61F1DFC9200E1EE77 /* ARTouchTest */ = {
			isa = PBXNativeTarget;
			buildConfigurationList = 99CBA6031F1DFC9300E1EE77 /* Build configuration list for PBXNativeTarget "ARTouchTest" */;
			buildPhases = (
				99CBA5D31F1DFC9200E1EE77 /* Sources */,
				99CBA5D41F1DFC9200E1EE77 /* Frameworks */,
				99CBA5D51F1DFC9200E1EE77 /* Resources */,
			);
			buildRules = (
			);
			dependencies = (
			);
			name = ARTouchTest;
			productName = ARTouchTest;
			productReference = 99CBA5D71F1DFC9200E1EE77 /* ARTouchTest.app */;
			productType = "com.apple.product-type.application";
		};
		99CBA5EE1F1DFC9300E1EE77 /* ARTouchTestTests */ = {
			isa = PBXNativeTarget;
			buildConfigurationList = 99CBA6061F1DFC9300E1EE77 /* Build configuration list for PBXNativeTarget "ARTouchTestTests" */;
			buildPhases = (
				99CBA5EB1F1DFC9300E1EE77 /* Sources */,
				99CBA5EC1F1DFC9300E1EE77 /* Frameworks */,
				99CBA5ED1F1DFC9300E1EE77 /* Resources */,
			);
			buildRules = (
			);
			dependencies = (
				99CBA5F11F1DFC9300E1EE77 /* PBXTargetDependency */,
			);
			name = ARTouchTestTests;
			productName = ARTouchTestTests;
			productReference = 99CBA5EF1F1DFC9300E1EE77 /* ARTouchTestTests.xctest */;
			productType = "com.apple.product-type.bundle.unit-test";
		};
		99CBA5F91F1DFC9300E1EE77 /* ARTouchTestUITests */ = {
			isa = PBXNativeTarget;
			buildConfigurationList = 99CBA6091F1DFC9300E1EE77 /* Build configuration list for PBXNativeTarget "ARTouchTestUITests" */;
			buildPhases = (
				99CBA5F61F1DFC9300E1EE77 /* Sources */,
				99CBA5F71F1DFC9300E1EE77 /* Frameworks */,
				99CBA5F81F1DFC9300E1EE77 /* Resources */,
			);
			buildRules = (
			);
			dependencies = (
				99CBA5FC1F1DFC9300E1EE77 /* PBXTargetDependency */,
			);
			name = ARTouchTestUITests;
			productName = ARTouchTestUITests;
			productReference = 99CBA5FA1F1DFC9300E1EE77 /* ARTouchTestUITests.xctest */;
			productType = "com.apple.product-type.bundle.ui-testing";
		};
/* End PBXNativeTarget section */

/* Begin PBXProject section */
		99CBA5CF1F1DFC9200E1EE77 /* Project object */ = {
			isa = PBXProject;
			attributes = {
				LastSwiftUpdateCheck = 0900;
				LastUpgradeCheck = 0900;
				ORGANIZATIONNAME = "Toshiaki Nakamura";
				TargetAttributes = {
					99CBA5D61F1DFC9200E1EE77 = {
						CreatedOnToolsVersion = 9.0;
					};
					99CBA5EE1F1DFC9300E1EE77 = {
						CreatedOnToolsVersion = 9.0;
						TestTargetID = 99CBA5D61F1DFC9200E1EE77;
					};
					99CBA5F91F1DFC9300E1EE77 = {
						CreatedOnToolsVersion = 9.0;
						TestTargetID = 99CBA5D61F1DFC9200E1EE77;
					};
				};
			};
			buildConfigurationList = 99CBA5D21F1DFC9200E1EE77 /* Build configuration list for PBXProject "ARTouchTest" */;
			compatibilityVersion = "Xcode 8.0";
			developmentRegion = en;
			hasScannedForEncodings = 0;
			knownRegions = (
				en,
				Base,
			);
			mainGroup = 99CBA5CE1F1DFC9200E1EE77;
			productRefGroup = 99CBA5D81F1DFC9200E1EE77 /* Products */;
			projectDirPath = "";
			projectRoot = "";
			targets = (
				99CBA5D61F1DFC9200E1EE77 /* ARTouchTest */,
				99CBA5EE1F1DFC9300E1EE77 /* ARTouchTestTests */,
				99CBA5F91F1DFC9300E1EE77 /* ARTouchTestUITests */,
			);
		};
/* End PBXProject section */

/* Begin PBXResourcesBuildPhase section */
		99CBA5D51F1DFC9200E1EE77 /* Resources */ = {
			isa = PBXResourcesBuildPhase;
			buildActionMask = 2147483647;
			files = (
				99CBA5DD1F1DFC9200E1EE77 /* Scene.sks in Resources */,
				99CBA5E91F1DFC9200E1EE77 /* LaunchScreen.storyboard in Resources */,
				99CBA5E61F1DFC9200E1EE77 /* Assets.xcassets in Resources */,
				99CBA5E41F1DFC9200E1EE77 /* Main.storyboard in Resources */,
			);
			runOnlyForDeploymentPostprocessing = 0;
		};
		99CBA5ED1F1DFC9300E1EE77 /* Resources */ = {
			isa = PBXResourcesBuildPhase;
			buildActionMask = 2147483647;
			files = (
			);
			runOnlyForDeploymentPostprocessing = 0;
		};
		99CBA5F81F1DFC9300E1EE77 /* Resources */ = {
			isa = PBXResourcesBuildPhase;
			buildActionMask = 2147483647;
			files = (
			);
			runOnlyForDeploymentPostprocessing = 0;
		};
/* End PBXResourcesBuildPhase section */

/* Begin PBXSourcesBuildPhase section */
		99CBA5D31F1DFC9200E1EE77 /* Sources */ = {
			isa = PBXSourcesBuildPhase;
			buildActionMask = 2147483647;
			files = (
				99CBA5E11F1DFC9200E1EE77 /* ViewController.swift in Sources */,
				99CBA5DF1F1DFC9200E1EE77 /* Scene.swift in Sources */,
				99CBA5DB1F1DFC9200E1EE77 /* AppDelegate.swift in Sources */,
			);
			runOnlyForDeploymentPostprocessing = 0;
		};
		99CBA5EB1F1DFC9300E1EE77 /* Sources */ = {
			isa = PBXSourcesBuildPhase;
			buildActionMask = 2147483647;
			files = (
				99CBA5F41F1DFC9300E1EE77 /* ARTouchTestTests.swift in Sources */,
			);
			runOnlyForDeploymentPostprocessing = 0;
		};
		99CBA5F61F1DFC9300E1EE77 /* Sources */ = {
			isa = PBXSourcesBuildPhase;
			buildActionMask = 2147483647;
			files = (
				99CBA5FF1F1DFC9300E1EE77 /* ARTouchTestUITests.swift in Sources */,
			);
			runOnlyForDeploymentPostprocessing = 0;
		};
/* End PBXSourcesBuildPhase section */

/* Begin PBXTargetDependency section */
		99CBA5F11F1DFC9300E1EE77 /* PBXTargetDependency */ = {
			isa = PBXTargetDependency;
			target = 99CBA5D61F1DFC9200E1EE77 /* ARTouchTest */;
			targetProxy = 99CBA5F01F1DFC9300E1EE77 /* PBXContainerItemProxy */;
		};
		99CBA5FC1F1DFC9300E1EE77 /* PBXTargetDependency */ = {
			isa = PBXTargetDependency;
			target = 99CBA5D61F1DFC9200E1EE77 /* ARTouchTest */;
			targetProxy = 99CBA5FB1F1DFC9300E1EE77 /* PBXContainerItemProxy */;
		};
/* End PBXTargetDependency section */

/* Begin PBXVariantGroup section */
		99CBA5E21F1DFC9200E1EE77 /* Main.storyboard */ = {
			isa = PBXVariantGroup;
			children = (
				99CBA5E31F1DFC9200E1EE77 /* Base */,
			);
			name = Main.storyboard;
			sourceTree = "<group>";
		};
		99CBA5E71F1DFC9200E1EE77 /* LaunchScreen.storyboard */ = {
			isa = PBXVariantGroup;
			children = (
				99CBA5E81F1DFC9200E1EE77 /* Base */,
			);
			name = LaunchScreen.storyboard;
			sourceTree = "<group>";
		};
/* End PBXVariantGroup section */

/* Begin XCBuildConfiguration section */
		99CBA6011F1DFC9300E1EE77 /* Debug */ = {
			isa = XCBuildConfiguration;
			buildSettings = {
				ALWAYS_SEARCH_USER_PATHS = NO;
				CLANG_ANALYZER_NONNULL = YES;
				CLANG_ANALYZER_NUMBER_OBJECT_CONVERSION = YES_AGGRESSIVE;
				CLANG_CXX_LANGUAGE_STANDARD = "gnu++14";
				CLANG_CXX_LIBRARY = "libc++";
				CLANG_ENABLE_MODULES = YES;
				CLANG_ENABLE_OBJC_ARC = YES;
				CLANG_WARN_BLOCK_CAPTURE_AUTORELEASING = YES;
				CLANG_WARN_BOOL_CONVERSION = YES;
				CLANG_WARN_COMMA = YES;
				CLANG_WARN_CONSTANT_CONVERSION = YES;
				CLANG_WARN_DIRECT_OBJC_ISA_USAGE = YES_ERROR;
				CLANG_WARN_DOCUMENTATION_COMMENTS = YES;
				CLANG_WARN_EMPTY_BODY = YES;
				CLANG_WARN_ENUM_CONVERSION = YES;
				CLANG_WARN_INFINITE_RECURSION = YES;
				CLANG_WARN_INT_CONVERSION = YES;
				CLANG_WARN_NON_LITERAL_NULL_CONVERSION = YES;
				CLANG_WARN_OBJC_LITERAL_CONVERSION = YES;
				CLANG_WARN_OBJC_ROOT_CLASS = YES_ERROR;
				CLANG_WARN_RANGE_LOOP_ANALYSIS = YES;
				CLANG_WARN_STRICT_PROTOTYPES = YES;
				CLANG_WARN_SUSPICIOUS_MOVE = YES;
				CLANG_WARN_UNGUARDED_AVAILABILITY = YES_AGGRESSIVE;
				CLANG_WARN_UNREACHABLE_CODE = YES;
				CLANG_WARN__DUPLICATE_METHOD_MATCH = YES;
				CODE_SIGN_IDENTITY = "iPhone Developer";
				COPY_PHASE_STRIP = NO;
				DEBUG_INFORMATION_FORMAT = dwarf;
				ENABLE_STRICT_OBJC_MSGSEND = YES;
				ENABLE_TESTABILITY = YES;
				GCC_C_LANGUAGE_STANDARD = gnu11;
				GCC_DYNAMIC_NO_PIC = NO;
				GCC_NO_COMMON_BLOCKS = YES;
				GCC_OPTIMIZATION_LEVEL = 0;
				GCC_PREPROCESSOR_DEFINITIONS = (
					"DEBUG=1",
					"$(inherited)",
				);
				GCC_WARN_64_TO_32_BIT_CONVERSION = YES;
				GCC_WARN_ABOUT_RETURN_TYPE = YES_ERROR;
				GCC_WARN_UNDECLARED_SELECTOR = YES;
				GCC_WARN_UNINITIALIZED_AUTOS = YES_AGGRESSIVE;
				GCC_WARN_UNUSED_FUNCTION = YES;
				GCC_WARN_UNUSED_VARIABLE = YES;
				IPHONEOS_DEPLOYMENT_TARGET = 11.0;
				MTL_ENABLE_DEBUG_INFO = YES;
				ONLY_ACTIVE_ARCH = YES;
				SDKROOT = iphoneos;
				SWIFT_ACTIVE_COMPILATION_CONDITIONS = DEBUG;
				SWIFT_OPTIMIZATION_LEVEL = "-Onone";
			};
			name = Debug;
		};
		99CBA6021F1DFC9300E1EE77 /* Release */ = {
			isa = XCBuildConfiguration;
			buildSettings = {
				ALWAYS_SEARCH_USER_PATHS = NO;
				CLANG_ANALYZER_NONNULL = YES;
				CLANG_ANALYZER_NUMBER_OBJECT_CONVERSION = YES_AGGRESSIVE;
				CLANG_CXX_LANGUAGE_STANDARD = "gnu++14";
				CLANG_CXX_LIBRARY = "libc++";
				CLANG_ENABLE_MODULES = YES;
				CLANG_ENABLE_OBJC_ARC = YES;
				CLANG_WARN_BLOCK_CAPTURE_AUTORELEASING = YES;
				CLANG_WARN_BOOL_CONVERSION = YES;
				CLANG_WARN_COMMA = YES;
				CLANG_WARN_CONSTANT_CONVERSION = YES;
				CLANG_WARN_DIRECT_OBJC_ISA_USAGE = YES_ERROR;
				CLANG_WARN_DOCUMENTATION_COMMENTS = YES;
				CLANG_WARN_EMPTY_BODY = YES;
				CLANG_WARN_ENUM_CONVERSION = YES;
				CLANG_WARN_INFINITE_RECURSION = YES;
				CLANG_WARN_INT_CONVERSION = YES;
				CLANG_WARN_NON_LITERAL_NULL_CONVERSION = YES;
				CLANG_WARN_OBJC_LITERAL_CONVERSION = YES;
				CLANG_WARN_OBJC_ROOT_CLASS = YES_ERROR;
				CLANG_WARN_RANGE_LOOP_ANALYSIS = YES;
				CLANG_WARN_STRICT_PROTOTYPES = YES;
				CLANG_WARN_SUSPICIOUS_MOVE = YES;
				CLANG_WARN_UNGUARDED_AVAILABILITY = YES_AGGRESSIVE;
				CLANG_WARN_UNREACHABLE_CODE = YES;
				CLANG_WARN__DUPLICATE_METHOD_MATCH = YES;
				CODE_SIGN_IDENTITY = "iPhone Developer";
				COPY_PHASE_STRIP = NO;
				DEBUG_INFORMATION_FORMAT = "dwarf-with-dsym";
				ENABLE_NS_ASSERTIONS = NO;
				ENABLE_STRICT_OBJC_MSGSEND = YES;
				GCC_C_LANGUAGE_STANDARD = gnu11;
				GCC_NO_COMMON_BLOCKS = YES;
				GCC_WARN_64_TO_32_BIT_CONVERSION = YES;
				GCC_WARN_ABOUT_RETURN_TYPE = YES_ERROR;
				GCC_WARN_UNDECLARED_SELECTOR = YES;
				GCC_WARN_UNINITIALIZED_AUTOS = YES_AGGRESSIVE;
				GCC_WARN_UNUSED_FUNCTION = YES;
				GCC_WARN_UNUSED_VARIABLE = YES;
				IPHONEOS_DEPLOYMENT_TARGET = 11.0;
				MTL_ENABLE_DEBUG_INFO = NO;
				SDKROOT = iphoneos;
				SWIFT_OPTIMIZATION_LEVEL = "-Owholemodule";
				VALIDATE_PRODUCT = YES;
			};
			name = Release;
		};
		99CBA6041F1DFC9300E1EE77 /* Debug */ = {
			isa = XCBuildConfiguration;
			buildSettings = {
				ASSETCATALOG_COMPILER_APPICON_NAME = AppIcon;
				DEVELOPMENT_TEAM = 6U9SQFUX6U;
				INFOPLIST_FILE = ARTouchTest/Info.plist;
				LD_RUNPATH_SEARCH_PATHS = "$(inherited) @executable_path/Frameworks";
				PRODUCT_BUNDLE_IDENTIFIER = net.toshi586014.ARTouchTest;
				PRODUCT_NAME = "$(TARGET_NAME)";
				SWIFT_VERSION = 4.0;
				TARGETED_DEVICE_FAMILY = "1,2";
			};
			name = Debug;
		};
		99CBA6051F1DFC9300E1EE77 /* Release */ = {
			isa = XCBuildConfiguration;
			buildSettings = {
				ASSETCATALOG_COMPILER_APPICON_NAME = AppIcon;
				DEVELOPMENT_TEAM = 6U9SQFUX6U;
				INFOPLIST_FILE = ARTouchTest/Info.plist;
				LD_RUNPATH_SEARCH_PATHS = "$(inherited) @executable_path/Frameworks";
				PRODUCT_BUNDLE_IDENTIFIER = net.toshi586014.ARTouchTest;
				PRODUCT_NAME = "$(TARGET_NAME)";
				SWIFT_VERSION = 4.0;
				TARGETED_DEVICE_FAMILY = "1,2";
			};
			name = Release;
		};
		99CBA6071F1DFC9300E1EE77 /* Debug */ = {
			isa = XCBuildConfiguration;
			buildSettings = {
				ALWAYS_EMBED_SWIFT_STANDARD_LIBRARIES = YES;
				BUNDLE_LOADER = "$(TEST_HOST)";
				DEVELOPMENT_TEAM = 6U9SQFUX6U;
				INFOPLIST_FILE = ARTouchTestTests/Info.plist;
				LD_RUNPATH_SEARCH_PATHS = "$(inherited) @executable_path/Frameworks @loader_path/Frameworks";
				PRODUCT_BUNDLE_IDENTIFIER = net.toshi586014.ARTouchTestTests;
				PRODUCT_NAME = "$(TARGET_NAME)";
				SWIFT_VERSION = 4.0;
				TARGETED_DEVICE_FAMILY = "1,2";
				TEST_HOST = "$(BUILT_PRODUCTS_DIR)/ARTouchTest.app/ARTouchTest";
			};
			name = Debug;
		};
		99CBA6081F1DFC9300E1EE77 /* Release */ = {
			isa = XCBuildConfiguration;
			buildSettings = {
				ALWAYS_EMBED_SWIFT_STANDARD_LIBRARIES = YES;
				BUNDLE_LOADER = "$(TEST_HOST)";
				DEVELOPMENT_TEAM = 6U9SQFUX6U;
				INFOPLIST_FILE = ARTouchTestTests/Info.plist;
				LD_RUNPATH_SEARCH_PATHS = "$(inherited) @executable_path/Frameworks @loader_path/Frameworks";
				PRODUCT_BUNDLE_IDENTIFIER = net.toshi586014.ARTouchTestTests;
				PRODUCT_NAME = "$(TARGET_NAME)";
				SWIFT_VERSION = 4.0;
				TARGETED_DEVICE_FAMILY = "1,2";
				TEST_HOST = "$(BUILT_PRODUCTS_DIR)/ARTouchTest.app/ARTouchTest";
			};
			name = Release;
		};
		99CBA60A1F1DFC9300E1EE77 /* Debug */ = {
			isa = XCBuildConfiguration;
			buildSettings = {
				ALWAYS_EMBED_SWIFT_STANDARD_LIBRARIES = YES;
				DEVELOPMENT_TEAM = 6U9SQFUX6U;
				INFOPLIST_FILE = ARTouchTestUITests/Info.plist;
				LD_RUNPATH_SEARCH_PATHS = "$(inherited) @executable_path/Frameworks @loader_path/Frameworks";
				PRODUCT_BUNDLE_IDENTIFIER = net.toshi586014.ARTouchTestUITests;
				PRODUCT_NAME = "$(TARGET_NAME)";
				SWIFT_VERSION = 4.0;
				TARGETED_DEVICE_FAMILY = "1,2";
				TEST_TARGET_NAME = ARTouchTest;
			};
			name = Debug;
		};
		99CBA60B1F1DFC9300E1EE77 /* Release */ = {
			isa = XCBuildConfiguration;
			buildSettings = {
				ALWAYS_EMBED_SWIFT_STANDARD_LIBRARIES = YES;
				DEVELOPMENT_TEAM = 6U9SQFUX6U;
				INFOPLIST_FILE = ARTouchTestUITests/Info.plist;
				LD_RUNPATH_SEARCH_PATHS = "$(inherited) @executable_path/Frameworks @loader_path/Frameworks";
				PRODUCT_BUNDLE_IDENTIFIER = net.toshi586014.ARTouchTestUITests;
				PRODUCT_NAME = "$(TARGET_NAME)";
				SWIFT_VERSION = 4.0;
				TARGETED_DEVICE_FAMILY = "1,2";
				TEST_TARGET_NAME = ARTouchTest;
			};
			name = Release;
		};
/* End XCBuildConfiguration section */

/* Begin XCConfigurationList section */
		99CBA5D21F1DFC9200E1EE77 /* Build configuration list for PBXProject "ARTouchTest" */ = {
			isa = XCConfigurationList;
			buildConfigurations = (
				99CBA6011F1DFC9300E1EE77 /* Debug */,
				99CBA6021F1DFC9300E1EE77 /* Release */,
			);
			defaultConfigurationIsVisible = 0;
			defaultConfigurationName = Release;
		};
		99CBA6031F1DFC9300E1EE77 /* Build configuration list for PBXNativeTarget "ARTouchTest" */ = {
			isa = XCConfigurationList;
			buildConfigurations = (
				99CBA6041F1DFC9300E1EE77 /* Debug */,
				99CBA6051F1DFC9300E1EE77 /* Release */,
			);
			defaultConfigurationIsVisible = 0;
		};
		99CBA6061F1DFC9300E1EE77 /* Build configuration list for PBXNativeTarget "ARTouchTestTests" */ = {
			isa = XCConfigurationList;
			buildConfigurations = (
				99CBA6071F1DFC9300E1EE77 /* Debug */,
				99CBA6081F1DFC9300E1EE77 /* Release */,
			);
			defaultConfigurationIsVisible = 0;
		};
		99CBA6091F1DFC9300E1EE77 /* Build configuration list for PBXNativeTarget "ARTouchTestUITests" */ = {
			isa = XCConfigurationList;
			buildConfigurations = (
				99CBA60A1F1DFC9300E1EE77 /* Debug */,
				99CBA60B1F1DFC9300E1EE77 /* Release */,
			);
			defaultConfigurationIsVisible = 0;
		};
/* End XCConfigurationList section */
	};
	rootObject = 99CBA5CF1F1DFC9200E1EE77 /* Project object */;
}
